// !$*UTF8*$!
{
	archiveVersion = 1;
	classes = {
	};
	objectVersion = 56;
	objects = {

/* Begin PBXBuildFile section */
		9421403629EC7C9E00B96CE8 /* AppDelegate.swift in Sources */ = {isa = PBXBuildFile; fileRef = 9421403529EC7C9E00B96CE8 /* AppDelegate.swift */; };
		9421403829EC7C9E00B96CE8 /* SceneDelegate.swift in Sources */ = {isa = PBXBuildFile; fileRef = 9421403729EC7C9E00B96CE8 /* SceneDelegate.swift */; };
		9421403F29EC7CA000B96CE8 /* Assets.xcassets in Resources */ = {isa = PBXBuildFile; fileRef = 9421403E29EC7CA000B96CE8 /* Assets.xcassets */; };
		9421404229EC7CA000B96CE8 /* LaunchScreen.storyboard in Resources */ = {isa = PBXBuildFile; fileRef = 9421404029EC7CA000B96CE8 /* LaunchScreen.storyboard */; };
		9421404C29EC7F6100B96CE8 /* TabBar.storyboard in Resources */ = {isa = PBXBuildFile; fileRef = 9421404B29EC7F6100B96CE8 /* TabBar.storyboard */; };
		9421404E29EC804300B96CE8 /* Information.storyboard in Resources */ = {isa = PBXBuildFile; fileRef = 9421404D29EC804300B96CE8 /* Information.storyboard */; };
		9421405129EC8D1200B96CE8 /* InformationAppViewController.swift in Sources */ = {isa = PBXBuildFile; fileRef = 9421405029EC8D1200B96CE8 /* InformationAppViewController.swift */; };
		9421405329EC8EAB00B96CE8 /* Movies.storyboard in Resources */ = {isa = PBXBuildFile; fileRef = 9421405229EC8EAB00B96CE8 /* Movies.storyboard */; };
		9421405529EC8EFA00B96CE8 /* MoviesViewController.swift in Sources */ = {isa = PBXBuildFile; fileRef = 9421405429EC8EFA00B96CE8 /* MoviesViewController.swift */; };
		9458E7B629EE1FFE004787A1 /* MovieDetailViewController.swift in Sources */ = {isa = PBXBuildFile; fileRef = 9458E7B529EE1FFE004787A1 /* MovieDetailViewController.swift */; };
/* End PBXBuildFile section */

/* Begin PBXFileReference section */
		9421403229EC7C9E00B96CE8 /* YakoPlanet.app */ = {isa = PBXFileReference; explicitFileType = wrapper.application; includeInIndex = 0; path = YakoPlanet.app; sourceTree = BUILT_PRODUCTS_DIR; };
		9421403529EC7C9E00B96CE8 /* AppDelegate.swift */ = {isa = PBXFileReference; lastKnownFileType = sourcecode.swift; path = AppDelegate.swift; sourceTree = "<group>"; };
		9421403729EC7C9E00B96CE8 /* SceneDelegate.swift */ = {isa = PBXFileReference; lastKnownFileType = sourcecode.swift; path = SceneDelegate.swift; sourceTree = "<group>"; };
		9421403E29EC7CA000B96CE8 /* Assets.xcassets */ = {isa = PBXFileReference; lastKnownFileType = folder.assetcatalog; path = Assets.xcassets; sourceTree = "<group>"; };
		9421404129EC7CA000B96CE8 /* Base */ = {isa = PBXFileReference; lastKnownFileType = file.storyboard; name = Base; path = Base.lproj/LaunchScreen.storyboard; sourceTree = "<group>"; };
		9421404329EC7CA000B96CE8 /* Info.plist */ = {isa = PBXFileReference; lastKnownFileType = text.plist.xml; path = Info.plist; sourceTree = "<group>"; };
		9421404B29EC7F6100B96CE8 /* TabBar.storyboard */ = {isa = PBXFileReference; lastKnownFileType = file.storyboard; path = TabBar.storyboard; sourceTree = "<group>"; };
		9421404D29EC804300B96CE8 /* Information.storyboard */ = {isa = PBXFileReference; lastKnownFileType = file.storyboard; path = Information.storyboard; sourceTree = "<group>"; };
		9421405029EC8D1200B96CE8 /* InformationAppViewController.swift */ = {isa = PBXFileReference; lastKnownFileType = sourcecode.swift; path = InformationAppViewController.swift; sourceTree = "<group>"; };
		9421405229EC8EAB00B96CE8 /* Movies.storyboard */ = {isa = PBXFileReference; lastKnownFileType = file.storyboard; path = Movies.storyboard; sourceTree = "<group>"; };
		9421405429EC8EFA00B96CE8 /* MoviesViewController.swift */ = {isa = PBXFileReference; lastKnownFileType = sourcecode.swift; path = MoviesViewController.swift; sourceTree = "<group>"; };
		9458E7B529EE1FFE004787A1 /* MovieDetailViewController.swift */ = {isa = PBXFileReference; lastKnownFileType = sourcecode.swift; path = MovieDetailViewController.swift; sourceTree = "<group>"; };
/* End PBXFileReference section */

/* Begin PBXFrameworksBuildPhase section */
		9421402F29EC7C9E00B96CE8 /* Frameworks */ = {
			isa = PBXFrameworksBuildPhase;
			buildActionMask = 2147483647;
			files = (
			);
			runOnlyForDeploymentPostprocessing = 0;
		};
/* End PBXFrameworksBuildPhase section */

/* Begin PBXGroup section */
		9421402929EC7C9E00B96CE8 = {
			isa = PBXGroup;
			children = (
				9421403429EC7C9E00B96CE8 /* YakoPlanet */,
				9421403329EC7C9E00B96CE8 /* Products */,
			);
			sourceTree = "<group>";
		};
		9421403329EC7C9E00B96CE8 /* Products */ = {
			isa = PBXGroup;
			children = (
				9421403229EC7C9E00B96CE8 /* YakoPlanet.app */,
			);
			name = Products;
			sourceTree = "<group>";
		};
		9421403429EC7C9E00B96CE8 /* YakoPlanet */ = {
			isa = PBXGroup;
			children = (
				9421404929EC7DFD00B96CE8 /* iPhone */,
				9421403529EC7C9E00B96CE8 /* AppDelegate.swift */,
				9421403729EC7C9E00B96CE8 /* SceneDelegate.swift */,
				9421403E29EC7CA000B96CE8 /* Assets.xcassets */,
				9421404029EC7CA000B96CE8 /* LaunchScreen.storyboard */,
				9421404329EC7CA000B96CE8 /* Info.plist */,
			);
			path = YakoPlanet;
			sourceTree = "<group>";
		};
		9421404929EC7DFD00B96CE8 /* iPhone */ = {
			isa = PBXGroup;
			children = (
				9421404F29EC8CB000B96CE8 /* Classes */,
				9421404A29EC7E3600B96CE8 /* Storyboards */,
			);
			path = iPhone;
			sourceTree = "<group>";
		};
		9421404A29EC7E3600B96CE8 /* Storyboards */ = {
			isa = PBXGroup;
			children = (
				9421404B29EC7F6100B96CE8 /* TabBar.storyboard */,
				9421404D29EC804300B96CE8 /* Information.storyboard */,
				9421405229EC8EAB00B96CE8 /* Movies.storyboard */,
			);
			path = Storyboards;
			sourceTree = "<group>";
		};
		9421404F29EC8CB000B96CE8 /* Classes */ = {
			isa = PBXGroup;
			children = (
				9421405029EC8D1200B96CE8 /* InformationAppViewController.swift */,
				9421405429EC8EFA00B96CE8 /* MoviesViewController.swift */,
				9458E7B529EE1FFE004787A1 /* MovieDetailViewController.swift */,
			);
			path = Classes;
			sourceTree = "<group>";
		};
/* End PBXGroup section */

/* Begin PBXNativeTarget section */
		9421403129EC7C9E00B96CE8 /* YakoPlanet */ = {
			isa = PBXNativeTarget;
			buildConfigurationList = 9421404629EC7CA000B96CE8 /* Build configuration list for PBXNativeTarget "YakoPlanet" */;
			buildPhases = (
				9421402E29EC7C9E00B96CE8 /* Sources */,
				9421402F29EC7C9E00B96CE8 /* Frameworks */,
				9421403029EC7C9E00B96CE8 /* Resources */,
			);
			buildRules = (
			);
			dependencies = (
			);
			name = YakoPlanet;
			productName = YakoPlanet;
			productReference = 9421403229EC7C9E00B96CE8 /* YakoPlanet.app */;
			productType = "com.apple.product-type.application";
		};
/* End PBXNativeTarget section */

/* Begin PBXProject section */
		9421402A29EC7C9E00B96CE8 /* Project object */ = {
			isa = PBXProject;
			attributes = {
				BuildIndependentTargetsInParallel = 1;
				LastSwiftUpdateCheck = 1430;
				LastUpgradeCheck = 1430;
				TargetAttributes = {
					9421403129EC7C9E00B96CE8 = {
						CreatedOnToolsVersion = 14.3;
					};
				};
			};
			buildConfigurationList = 9421402D29EC7C9E00B96CE8 /* Build configuration list for PBXProject "YakoPlanet" */;
			compatibilityVersion = "Xcode 14.0";
			developmentRegion = en;
			hasScannedForEncodings = 0;
			knownRegions = (
				en,
				Base,
			);
			mainGroup = 9421402929EC7C9E00B96CE8;
			productRefGroup = 9421403329EC7C9E00B96CE8 /* Products */;
			projectDirPath = "";
			projectRoot = "";
			targets = (
				9421403129EC7C9E00B96CE8 /* YakoPlanet */,
			);
		};
/* End PBXProject section */

/* Begin PBXResourcesBuildPhase section */
		9421403029EC7C9E00B96CE8 /* Resources */ = {
			isa = PBXResourcesBuildPhase;
			buildActionMask = 2147483647;
			files = (
				9421404C29EC7F6100B96CE8 /* TabBar.storyboard in Resources */,
				9421404229EC7CA000B96CE8 /* LaunchScreen.storyboard in Resources */,
				9421404E29EC804300B96CE8 /* Information.storyboard in Resources */,
				9421403F29EC7CA000B96CE8 /* Assets.xcassets in Resources */,
				9421405329EC8EAB00B96CE8 /* Movies.storyboard in Resources */,
			);
			runOnlyForDeploymentPostprocessing = 0;
		};
/* End PBXResourcesBuildPhase section */

/* Begin PBXSourcesBuildPhase section */
		9421402E29EC7C9E00B96CE8 /* Sources */ = {
			isa = PBXSourcesBuildPhase;
			buildActionMask = 2147483647;
			files = (
				9421403629EC7C9E00B96CE8 /* AppDelegate.swift in Sources */,
				9458E7B629EE1FFE004787A1 /* MovieDetailViewController.swift in Sources */,
				9421403829EC7C9E00B96CE8 /* SceneDelegate.swift in Sources */,
				9421405129EC8D1200B96CE8 /* InformationAppViewController.swift in Sources */,
				9421405529EC8EFA00B96CE8 /* MoviesViewController.swift in Sources */,
			);
			runOnlyForDeploymentPostprocessing = 0;
		};
/* End PBXSourcesBuildPhase section */

/* Begin PBXVariantGroup section */
		9421404029EC7CA000B96CE8 /* LaunchScreen.storyboard */ = {
			isa = PBXVariantGroup;
			children = (
				9421404129EC7CA000B96CE8 /* Base */,
			);
			name = LaunchScreen.storyboard;
			sourceTree = "<group>";
		};
/* End PBXVariantGroup section */

/* Begin XCBuildConfiguration section */
		9421404429EC7CA000B96CE8 /* Debug */ = {
			isa = XCBuildConfiguration;
			buildSettings = {
				ALWAYS_SEARCH_USER_PATHS = NO;
				CLANG_ANALYZER_NONNULL = YES;
				CLANG_ANALYZER_NUMBER_OBJECT_CONVERSION = YES_AGGRESSIVE;
				CLANG_CXX_LANGUAGE_STANDARD = "gnu++20";
				CLANG_ENABLE_MODULES = YES;
				CLANG_ENABLE_OBJC_ARC = YES;
				CLANG_ENABLE_OBJC_WEAK = YES;
				CLANG_WARN_BLOCK_CAPTURE_AUTORELEASING = YES;
				CLANG_WARN_BOOL_CONVERSION = YES;
				CLANG_WARN_COMMA = YES;
				CLANG_WARN_CONSTANT_CONVERSION = YES;
				CLANG_WARN_DEPRECATED_OBJC_IMPLEMENTATIONS = YES;
				CLANG_WARN_DIRECT_OBJC_ISA_USAGE = YES_ERROR;
				CLANG_WARN_DOCUMENTATION_COMMENTS = YES;
				CLANG_WARN_EMPTY_BODY = YES;
				CLANG_WARN_ENUM_CONVERSION = YES;
				CLANG_WARN_INFINITE_RECURSION = YES;
				CLANG_WARN_INT_CONVERSION = YES;
				CLANG_WARN_NON_LITERAL_NULL_CONVERSION = YES;
				CLANG_WARN_OBJC_IMPLICIT_RETAIN_SELF = YES;
				CLANG_WARN_OBJC_LITERAL_CONVERSION = YES;
				CLANG_WARN_OBJC_ROOT_CLASS = YES_ERROR;
				CLANG_WARN_QUOTED_INCLUDE_IN_FRAMEWORK_HEADER = YES;
				CLANG_WARN_RANGE_LOOP_ANALYSIS = YES;
				CLANG_WARN_STRICT_PROTOTYPES = YES;
				CLANG_WARN_SUSPICIOUS_MOVE = YES;
				CLANG_WARN_UNGUARDED_AVAILABILITY = YES_AGGRESSIVE;
				CLANG_WARN_UNREACHABLE_CODE = YES;
				CLANG_WARN__DUPLICATE_METHOD_MATCH = YES;
				COPY_PHASE_STRIP = NO;
				DEBUG_INFORMATION_FORMAT = dwarf;
				ENABLE_STRICT_OBJC_MSGSEND = YES;
				ENABLE_TESTABILITY = YES;
				GCC_C_LANGUAGE_STANDARD = gnu11;
				GCC_DYNAMIC_NO_PIC = NO;
				GCC_NO_COMMON_BLOCKS = YES;
				GCC_OPTIMIZATION_LEVEL = 0;
				GCC_PREPROCESSOR_DEFINITIONS = (
					"DEBUG=1",
					"$(inherited)",
				);
				GCC_WARN_64_TO_32_BIT_CONVERSION = YES;
				GCC_WARN_ABOUT_RETURN_TYPE = YES_ERROR;
				GCC_WARN_UNDECLARED_SELECTOR = YES;
				GCC_WARN_UNINITIALIZED_AUTOS = YES_AGGRESSIVE;
				GCC_WARN_UNUSED_FUNCTION = YES;
				GCC_WARN_UNUSED_VARIABLE = YES;
				IPHONEOS_DEPLOYMENT_TARGET = 16.4;
				MTL_ENABLE_DEBUG_INFO = INCLUDE_SOURCE;
				MTL_FAST_MATH = YES;
				ONLY_ACTIVE_ARCH = YES;
				SDKROOT = iphoneos;
				SWIFT_ACTIVE_COMPILATION_CONDITIONS = DEBUG;
				SWIFT_OPTIMIZATION_LEVEL = "-Onone";
			};
			name = Debug;
		};
		9421404529EC7CA000B96CE8 /* Release */ = {
			isa = XCBuildConfiguration;
			buildSettings = {
				ALWAYS_SEARCH_USER_PATHS = NO;
				CLANG_ANALYZER_NONNULL = YES;
				CLANG_ANALYZER_NUMBER_OBJECT_CONVERSION = YES_AGGRESSIVE;
				CLANG_CXX_LANGUAGE_STANDARD = "gnu++20";
				CLANG_ENABLE_MODULES = YES;
				CLANG_ENABLE_OBJC_ARC = YES;
				CLANG_ENABLE_OBJC_WEAK = YES;
				CLANG_WARN_BLOCK_CAPTURE_AUTORELEASING = YES;
				CLANG_WARN_BOOL_CONVERSION = YES;
				CLANG_WARN_COMMA = YES;
				CLANG_WARN_CONSTANT_CONVERSION = YES;
				CLANG_WARN_DEPRECATED_OBJC_IMPLEMENTATIONS = YES;
				CLANG_WARN_DIRECT_OBJC_ISA_USAGE = YES_ERROR;
				CLANG_WARN_DOCUMENTATION_COMMENTS = YES;
				CLANG_WARN_EMPTY_BODY = YES;
				CLANG_WARN_ENUM_CONVERSION = YES;
				CLANG_WARN_INFINITE_RECURSION = YES;
				CLANG_WARN_INT_CONVERSION = YES;
				CLANG_WARN_NON_LITERAL_NULL_CONVERSION = YES;
				CLANG_WARN_OBJC_IMPLICIT_RETAIN_SELF = YES;
				CLANG_WARN_OBJC_LITERAL_CONVERSION = YES;
				CLANG_WARN_OBJC_ROOT_CLASS = YES_ERROR;
				CLANG_WARN_QUOTED_INCLUDE_IN_FRAMEWORK_HEADER = YES;
				CLANG_WARN_RANGE_LOOP_ANALYSIS = YES;
				CLANG_WARN_STRICT_PROTOTYPES = YES;
				CLANG_WARN_SUSPICIOUS_MOVE = YES;
				CLANG_WARN_UNGUARDED_AVAILABILITY = YES_AGGRESSIVE;
				CLANG_WARN_UNREACHABLE_CODE = YES;
				CLANG_WARN__DUPLICATE_METHOD_MATCH = YES;
				COPY_PHASE_STRIP = NO;
				DEBUG_INFORMATION_FORMAT = "dwarf-with-dsym";
				ENABLE_NS_ASSERTIONS = NO;
				ENABLE_STRICT_OBJC_MSGSEND = YES;
				GCC_C_LANGUAGE_STANDARD = gnu11;
				GCC_NO_COMMON_BLOCKS = YES;
				GCC_WARN_64_TO_32_BIT_CONVERSION = YES;
				GCC_WARN_ABOUT_RETURN_TYPE = YES_ERROR;
				GCC_WARN_UNDECLARED_SELECTOR = YES;
				GCC_WARN_UNINITIALIZED_AUTOS = YES_AGGRESSIVE;
				GCC_WARN_UNUSED_FUNCTION = YES;
				GCC_WARN_UNUSED_VARIABLE = YES;
				IPHONEOS_DEPLOYMENT_TARGET = 16.4;
				MTL_ENABLE_DEBUG_INFO = NO;
				MTL_FAST_MATH = YES;
				SDKROOT = iphoneos;
				SWIFT_COMPILATION_MODE = wholemodule;
				SWIFT_OPTIMIZATION_LEVEL = "-O";
				VALIDATE_PRODUCT = YES;
			};
			name = Release;
		};
		9421404729EC7CA000B96CE8 /* Debug */ = {
			isa = XCBuildConfiguration;
			buildSettings = {
				ASSETCATALOG_COMPILER_APPICON_NAME = AppIcon;
				ASSETCATALOG_COMPILER_GLOBAL_ACCENT_COLOR_NAME = AccentColor;
				CODE_SIGN_STYLE = Automatic;
				CURRENT_PROJECT_VERSION = 1;
				GENERATE_INFOPLIST_FILE = YES;
				INFOPLIST_FILE = YakoPlanet/Info.plist;
				INFOPLIST_KEY_UIApplicationSupportsIndirectInputEvents = YES;
				INFOPLIST_KEY_UILaunchStoryboardName = TabBar.storyboard;
				INFOPLIST_KEY_UIMainStoryboardFile = TabBar;
				INFOPLIST_KEY_UISupportedInterfaceOrientations = UIInterfaceOrientationPortrait;
				INFOPLIST_KEY_UISupportedInterfaceOrientations_iPad = "UIInterfaceOrientationLandscapeLeft UIInterfaceOrientationLandscapeRight UIInterfaceOrientationPortrait";
				LD_RUNPATH_SEARCH_PATHS = (
					"$(inherited)",
					"@executable_path/Frameworks",
				);
				MARKETING_VERSION = 1.0;
				PRODUCT_BUNDLE_IDENTIFIER = com.jacoboramirez.YakoPlanet;
				PRODUCT_NAME = "$(TARGET_NAME)";
				SUPPORTED_PLATFORMS = "iphoneos iphonesimulator";
				SUPPORTS_MACCATALYST = NO;
				SUPPORTS_MAC_DESIGNED_FOR_IPHONE_IPAD = NO;
				SWIFT_EMIT_LOC_STRINGS = YES;
				SWIFT_VERSION = 5.0;
				TARGETED_DEVICE_FAMILY = 1;
			};
			name = Debug;
		};
		9421404829EC7CA000B96CE8 /* Release */ = {
			isa = XCBuildConfiguration;
			buildSettings = {
				ASSETCATALOG_COMPILER_APPICON_NAME = AppIcon;
				ASSETCATALOG_COMPILER_GLOBAL_ACCENT_COLOR_NAME = AccentColor;
				CODE_SIGN_STYLE = Automatic;
				CURRENT_PROJECT_VERSION = 1;
				GENERATE_INFOPLIST_FILE = YES;
				INFOPLIST_FILE = YakoPlanet/Info.plist;
				INFOPLIST_KEY_UIApplicationSupportsIndirectInputEvents = YES;
				INFOPLIST_KEY_UILaunchStoryboardName = TabBar.storyboard;
				INFOPLIST_KEY_UIMainStoryboardFile = TabBar;
				INFOPLIST_KEY_UISupportedInterfaceOrientations = UIInterfaceOrientationPortrait;
				INFOPLIST_KEY_UISupportedInterfaceOrientations_iPad = "UIInterfaceOrientationLandscapeLeft UIInterfaceOrientationLandscapeRight UIInterfaceOrientationPortrait";
				LD_RUNPATH_SEARCH_PATHS = (
					"$(inherited)",
					"@executable_path/Frameworks",
				);
				MARKETING_VERSION = 1.0;
				PRODUCT_BUNDLE_IDENTIFIER = com.jacoboramirez.YakoPlanet;
				PRODUCT_NAME = "$(TARGET_NAME)";
				SUPPORTED_PLATFORMS = "iphoneos iphonesimulator";
				SUPPORTS_MACCATALYST = NO;
				SUPPORTS_MAC_DESIGNED_FOR_IPHONE_IPAD = NO;
				SWIFT_EMIT_LOC_STRINGS = YES;
				SWIFT_VERSION = 5.0;
				TARGETED_DEVICE_FAMILY = 1;
			};
			name = Release;
		};
/* End XCBuildConfiguration section */

/* Begin XCConfigurationList section */
		9421402D29EC7C9E00B96CE8 /* Build configuration list for PBXProject "YakoPlanet" */ = {
			isa = XCConfigurationList;
			buildConfigurations = (
				9421404429EC7CA000B96CE8 /* Debug */,
				9421404529EC7CA000B96CE8 /* Release */,
			);
			defaultConfigurationIsVisible = 0;
			defaultConfigurationName = Release;
		};
		9421404629EC7CA000B96CE8 /* Build configuration list for PBXNativeTarget "YakoPlanet" */ = {
			isa = XCConfigurationList;
			buildConfigurations = (
				9421404729EC7CA000B96CE8 /* Debug */,
				9421404829EC7CA000B96CE8 /* Release */,
			);
			defaultConfigurationIsVisible = 0;
			defaultConfigurationName = Release;
		};
/* End XCConfigurationList section */
	};
	rootObject = 9421402A29EC7C9E00B96CE8 /* Project object */;
}
